
Microsoft Visual Studio Solution File, Format Version 12.00
# Visual Studio Version 17
VisualStudioVersion = 17.14.36401.2
MinimumVisualStudioVersion = 10.0.40219.1
Project("{FAE04EC0-301F-11D3-BF4B-00C04F79EFBC}") = "AssetTrackingSystem", "AssetTrackingSystem\AssetTrackingSystem.csproj", "{DE5D87B3-0052-4299-84FD-BCB0A020AE91}"
EndProject
Global
	GlobalSection(SolutionConfigurationPlatforms) = preSolution
		Debug|Any CPU = Debug|Any CPU
		Release|Any CPU = Release|Any CPU
	EndGlobalSection
	GlobalSection(ProjectConfigurationPlatforms) = postSolution
		{DE5D87B3-0052-4299-84FD-BCB0A020AE91}.Debug|Any CPU.ActiveCfg = Debug|Any CPU
		{DE5D87B3-0052-4299-84FD-BCB0A020AE91}.Debug|Any CPU.Build.0 = Debug|Any CPU
		{DE5D87B3-0052-4299-84FD-BCB0A020AE91}.Release|Any CPU.ActiveCfg = Release|Any CPU
		{DE5D87B3-0052-4299-84FD-BCB0A020AE91}.Release|Any CPU.Build.0 = Release|Any CPU
	EndGlobalSection
	GlobalSection(SolutionProperties) = preSolution
		HideSolutionNode = FALSE
	EndGlobalSection
	GlobalSection(ExtensibilityGlobals) = postSolution
		SolutionGuid = {95F75171-0961-4CA1-A82E-F349C22B1049}
	EndGlobalSection
EndGlobal
